<?xml version="1.0" encoding="utf-8"?>
<Project ToolsVersion="4.0" xmlns="http://schemas.microsoft.com/developer/msbuild/2003">
  <ItemGroup>
    <Filter Include="Source Files">
      <UniqueIdentifier>{4FC737F1-C7A5-4376-A066-2A32D752A2FF}</UniqueIdentifier>
      <Extensions>cpp;c;cc;cxx;def;odl;idl;hpj;bat;asm;asmx</Extensions>
    </Filter>
    <Filter Include="Header Files">
      <UniqueIdentifier>{93995380-89BD-4b04-88EB-625FBE52EBFB}</UniqueIdentifier>
      <Extensions>h;hh;hpp;hxx;hm;inl;inc;xsd</Extensions>
    </Filter>
    <Filter Include="Resource Files">
      <UniqueIdentifier>{D9D6E242-F8AF-46E4-B9FD-80ECBC20BA3E}</UniqueIdentifier>
      <Extensions>qrc;*</Extensions>
      <ParseFiles>false</ParseFiles>
    </Filter>
    <Filter Include="Form Files">
      <UniqueIdentifier>{99349809-55BA-4b9d-BF79-8FDBB0286EB3}</UniqueIdentifier>
      <Extensions>ui</Extensions>
    </Filter>
    <Filter Include="Resource Files">
      <UniqueIdentifier>{D9D6E242-F8AF-46E4-B9FD-80ECBC20BA3E}</UniqueIdentifier>
      <Extensions>qrc;*</Extensions>
      <ParseFiles>false</ParseFiles>
    </Filter>
    <Filter Include="Generated Files">
      <UniqueIdentifier>{71ED8ED8-ACB9-4CE9-BBE1-E00B30144E11}</UniqueIdentifier>
      <Extensions>moc;h;cpp</Extensions>
      <SourceControlFiles>False</SourceControlFiles>
    </Filter>
  </ItemGroup>
  <ItemGroup>
    <ClCompile Include="main.cpp">
      <Filter>Source Files</Filter>
    </ClCompile>
    <ClCompile Include="stdafx.cpp">
      <Filter>Source Files</Filter>
    </ClCompile>
    <ClCompile Include="exileSniffer.cpp">
      <Filter>Source Files</Filter>
    </ClCompile>
    <ClCompile Include="base_thread.cpp">
      <Filter>Source Files</Filter>
    </ClCompile>
    <ClCompile Include="key_grabber_thread.cpp">
      <Filter>Source Files</Filter>
    </ClCompile>
    <ClCompile Include="uiMsg.cpp">
      <Filter>Source Files</Filter>
    </ClCompile>
    <ClCompile Include="utilities.cpp">
      <Filter>Source Files</Filter>
    </ClCompile>
    <ClCompile Include="packet_capture_thread.cpp">
      <Filter>Source Files</Filter>
    </ClCompile>
    <ClCompile Include="packet_processor.cpp">
      <Filter>Source Files</Filter>
    </ClCompile>
    <ClCompile Include="inventory.cpp">
      <Filter>Source Files</Filter>
    </ClCompile>
    <ClCompile Include="packet_processor_decode_utils.cpp">
      <Filter>Source Files</Filter>
    </ClCompile>
    <ClCompile Include="gameDataStore.cpp">
      <Filter>Source Files</Filter>
    </ClCompile>
    <ClCompile Include="MurmurHash2.cpp">
      <Filter>Header Files</Filter>
    </ClCompile>
    <ClCompile Include="filterForm.cpp">
      <Filter>Source Files</Filter>
    </ClCompile>
    <ClCompile Include="loginserver_packet_actions.cpp">
      <Filter>Source Files</Filter>
    </ClCompile>
    <ClCompile Include="gameserver_packet_actions.cpp">
      <Filter>Source Files</Filter>
    </ClCompile>
    <ClCompile Include="gameserver_packet_deserialisers.cpp">
      <Filter>Source Files</Filter>
    </ClCompile>
    <ClCompile Include="loginserver_packet_deserialisers.cpp">
      <Filter>Source Files</Filter>
    </ClCompile>
    <ClCompile Include="statusWidget.cpp">
      <Filter>Source Files</Filter>
    </ClCompile>
    <ClCompile Include="json_pipe_thread.cpp">
      <Filter>Source Files</Filter>
    </ClCompile>
    <ClCompile Include="clientHexData.cpp">
      <Filter>Source Files</Filter>
    </ClCompile>
  </ItemGroup>
  <ItemGroup>
    <ClInclude Include="stdafx.h">
      <Filter>Header Files</Filter>
    </ClInclude>
    <ClInclude Include="base_thread.h">
      <Filter>Header Files</Filter>
    </ClInclude>
    <ClInclude Include="packet_capture_thread.h">
      <Filter>Header Files</Filter>
    </ClInclude>
    <ClInclude Include="key_grabber_thread.h">
      <Filter>Header Files</Filter>
    </ClInclude>
    <ClInclude Include="uiMsg.h">
      <Filter>Header Files</Filter>
    </ClInclude>
    <ClInclude Include="safequeue.h">
      <Filter>Header Files</Filter>
    </ClInclude>
    <ClInclude Include="cppsemaphore.h">
      <Filter>Header Files</Filter>
    </ClInclude>
    <ClInclude Include="utilities.h">
      <Filter>Header Files</Filter>
    </ClInclude>
    <ClInclude Include="packet_processor.h">
      <Filter>Header Files</Filter>
    </ClInclude>
    <ClInclude Include="packetIDs.h">
      <Filter>Header Files</Filter>
    </ClInclude>
    <ClInclude Include="inventory.h">
      <Filter>Header Files</Filter>
    </ClInclude>
    <ClInclude Include="gameDataStore.h">
      <Filter>Header Files</Filter>
    </ClInclude>
    <ClInclude Include="MurmurHash2.h">
      <Filter>Header Files</Filter>
    </ClInclude>
    <ClInclude Include="json_pipe_thread.h">
      <Filter>Header Files</Filter>
    </ClInclude>
    <ClInclude Include="clientHexData.h">
      <Filter>Header Files</Filter>
    </ClInclude>
  </ItemGroup>
  <ItemGroup>
    <QtMoc Include="exileSniffer.h">
      <Filter>Header Files</Filter>
    </QtMoc>
    <QtMoc Include="filterForm.h">
      <Filter>Header Files</Filter>
    </QtMoc>
    <QtMoc Include="statusWidget.h">
      <Filter>Header Files</Filter>
    </QtMoc>
  </ItemGroup>
  <ItemGroup>
    <QtUic Include="exileSniffer.ui">
      <Filter>Form Files</Filter>
    </QtUic>
    <QtUic Include="rawfilterform.ui">
      <Filter>Form Files</Filter>
    </QtUic>
  </ItemGroup>
  <ItemGroup>
    <QtRcc Include="exileSniffer.qrc">
      <Filter>Resource Files</Filter>
    </QtRcc>
    <QtRcc Include="Resources.qrc">
      <Filter>Resource Files</Filter>
    </QtRcc>
  </ItemGroup>
  <ItemGroup>
    <ResourceCompile Include="exileSniffer.rc" />
  </ItemGroup>
  <ItemGroup>
    <None Include="packages.config" />
  </ItemGroup>
</Project>